
Microsoft Visual Studio Solution File, Format Version 12.00
# Visual Studio 15
VisualStudioVersion = 15.0.27428.2037
MinimumVisualStudioVersion = 10.0.40219.1
Project("{FAE04EC0-301F-11D3-BF4B-00C04F79EFBC}") = "numeroComplejo", "numeroComplejo\numeroComplejo.csproj", "{9DE3E3CA-2945-4399-ACC6-4F9779915977}"
EndProject
Global
	GlobalSection(SolutionConfigurationPlatforms) = preSolution
		Debug|Any CPU = Debug|Any CPU
		Release|Any CPU = Release|Any CPU
	EndGlobalSection
	GlobalSection(ProjectConfigurationPlatforms) = postSolution
		{9DE3E3CA-2945-4399-ACC6-4F9779915977}.Debug|Any CPU.ActiveCfg = Debug|Any CPU
		{9DE3E3CA-2945-4399-ACC6-4F9779915977}.Debug|Any CPU.Build.0 = Debug|Any CPU
		{9DE3E3CA-2945-4399-ACC6-4F9779915977}.Release|Any CPU.ActiveCfg = Release|Any CPU
		{9DE3E3CA-2945-4399-ACC6-4F9779915977}.Release|Any CPU.Build.0 = Release|Any CPU
	EndGlobalSection
	GlobalSection(SolutionProperties) = preSolution
		HideSolutionNode = FALSE
	EndGlobalSection
	GlobalSection(ExtensibilityGlobals) = postSolution
		SolutionGuid = {4D80B874-FD96-4573-B6FB-5E4B7FEF059E}
	EndGlobalSection
EndGlobal
